
Microsoft Visual Studio Solution File, Format Version 12.00
# Visual Studio Version 17
VisualStudioVersion = 17.5.33627.172
MinimumVisualStudioVersion = 10.0.40219.1
Project("{2150E333-8FDC-42A3-9474-1A3956D46DE8}") = "1. Api", "1. Api", "{A3294FFA-D1BD-42F3-8EBE-75D62F3F1578}"
Project("{2150E333-8FDC-42A3-9474-1A3956D46DE8}") = "2. Application", "2. Application", "{A3294FFA-D1BD-42F3-8EBE-75D62F3F1578}"
Project("{2150E333-8FDC-42A3-9474-1A3956D46DE8}") = "3. Domain", "3. Domain", "{A3294FFA-D1BD-42F3-8EBE-75D62F3F1578}"
Project("{2150E333-8FDC-42A3-9474-1A3956D46DE8}") = "4. Infra", "4. Infra", "{A3294FFA-D1BD-42F3-8EBE-75D62F3F1578}"
Project("{2150E333-8FDC-42A3-9474-1A3956D46DE8}") = "5. Data", "5. Data", "{A3294FFA-D1BD-42F3-8EBE-75D62F3F1578}"
Project("{2150E333-8FDC-42A3-9474-1A3956D46DE8}") = "6. Test", "6. Test", "{A3294FFA-D1BD-42F3-8EBE-75D62F3F1578}"
EndProject
Global
	GlobalSection(SolutionProperties) = preSolution
		HideSolutionNode = FALSE
	EndGlobalSection
	GlobalSection(ExtensibilityGlobals) = postSolution
		SolutionGuid = {ED78C4DA-A58F-47E3-92A6-C1EF408C7BBF}
	EndGlobalSection
EndGlobal
